# This file is generated by running "yarn install" inside your project.
# Manual changes might be lost - proceed with caution!

__metadata:
  version: 8
  cacheKey: 10c0

"@craeft/map-generator@workspace:.":
  version: 0.0.0-use.local
  resolution: "@craeft/map-generator@workspace:."
  dependencies:
    "@types/node": "npm:^24.5.2"
    prettier: "npm:^3.6.2"
    typescript: "npm:^5.9.3"
  languageName: unknown
  linkType: soft

"@types/node@npm:^24.5.2":
  version: 24.5.2
  resolution: "@types/node@npm:24.5.2"
  dependencies:
    undici-types: "npm:~7.12.0"
  checksum: 10c0/96baaca6564d39c6f7f6eddd73ce41e2a7594ef37225cd52df3be36fad31712af8ae178387a72d0b80f2e2799e7fd30c014bc0ae9eb9f962d9079b691be00c48
  languageName: node
  linkType: hard

"prettier@npm:^3.6.2":
  version: 3.6.2
  resolution: "prettier@npm:3.6.2"
  bin:
    prettier: bin/prettier.cjs
  checksum: 10c0/488cb2f2b99ec13da1e50074912870217c11edaddedeadc649b1244c749d15ba94e846423d062e2c4c9ae683e2d65f754de28889ba06e697ac4f988d44f45812
  languageName: node
  linkType: hard

"typescript@npm:^5.9.3":
  version: 5.9.3
  resolution: "typescript@npm:5.9.3"
  bin:
    tsc: bin/tsc
    tsserver: bin/tsserver
  checksum: 10c0/6bd7552ce39f97e711db5aa048f6f9995b53f1c52f7d8667c1abdc1700c68a76a308f579cd309ce6b53646deb4e9a1be7c813a93baaf0a28ccd536a30270e1c5
  languageName: node
  linkType: hard

"typescript@patch:typescript@npm%3A^5.9.3#optional!builtin<compat/typescript>":
  version: 5.9.3
  resolution: "typescript@patch:typescript@npm%3A5.9.3#optional!builtin<compat/typescript>::version=5.9.3&hash=5786d5"
  bin:
    tsc: bin/tsc
    tsserver: bin/tsserver
  checksum: 10c0/ad09fdf7a756814dce65bc60c1657b40d44451346858eea230e10f2e95a289d9183b6e32e5c11e95acc0ccc214b4f36289dcad4bf1886b0adb84d711d336a430
  languageName: node
  linkType: hard

"undici-types@npm:~7.12.0":
  version: 7.12.0
  resolution: "undici-types@npm:7.12.0"
  checksum: 10c0/326e455bbc0026db1d6b81c76a1cf10c63f7e2f9821db2e24fdc258f482814e5bfa8481f8910d07c68e305937c5c049610fdc441c5e8b7bb0daca7154fb8a306
  languageName: node
  linkType: hard
