# This file is generated by running "yarn install" inside your project.
# Manual changes might be lost - proceed with caution!

__metadata:
  version: 8
  cacheKey: 10c0

"@craeft/map-generator@workspace:.":
  version: 0.0.0-use.local
  resolution: "@craeft/map-generator@workspace:."
  dependencies:
    "@types/node": "npm:^24.4.0"
    prettier: "npm:^3.6.2"
    typescript: "npm:^5.9.2"
  languageName: unknown
  linkType: soft

"@types/node@npm:^24.4.0":
  version: 24.4.0
  resolution: "@types/node@npm:24.4.0"
  dependencies:
    undici-types: "npm:~7.11.0"
  checksum: 10c0/3aefa4c6b006b3478f2d28a48d830ab7350ce24efdaf352011418e3ee17ed7683ca9c0a1840e770685ce78f413344badafa91e034be02488efe2eb6b612bd542
  languageName: node
  linkType: hard

"prettier@npm:^3.6.2":
  version: 3.6.2
  resolution: "prettier@npm:3.6.2"
  bin:
    prettier: bin/prettier.cjs
  checksum: 10c0/488cb2f2b99ec13da1e50074912870217c11edaddedeadc649b1244c749d15ba94e846423d062e2c4c9ae683e2d65f754de28889ba06e697ac4f988d44f45812
  languageName: node
  linkType: hard

"typescript@npm:^5.9.2":
  version: 5.9.2
  resolution: "typescript@npm:5.9.2"
  bin:
    tsc: bin/tsc
    tsserver: bin/tsserver
  checksum: 10c0/cd635d50f02d6cf98ed42de2f76289701c1ec587a363369255f01ed15aaf22be0813226bff3c53e99d971f9b540e0b3cc7583dbe05faded49b1b0bed2f638a18
  languageName: node
  linkType: hard

"typescript@patch:typescript@npm%3A^5.9.2#optional!builtin<compat/typescript>":
  version: 5.9.2
  resolution: "typescript@patch:typescript@npm%3A5.9.2#optional!builtin<compat/typescript>::version=5.9.2&hash=5786d5"
  bin:
    tsc: bin/tsc
    tsserver: bin/tsserver
  checksum: 10c0/34d2a8e23eb8e0d1875072064d5e1d9c102e0bdce56a10a25c0b917b8aa9001a9cf5c225df12497e99da107dc379360bc138163c66b55b95f5b105b50578067e
  languageName: node
  linkType: hard

"undici-types@npm:~7.11.0":
  version: 7.11.0
  resolution: "undici-types@npm:7.11.0"
  checksum: 10c0/24ff69baeaebc7d09f4dae68564df850b4ff561810148ff6c37d3fc64dd1460c55e59e604420495e73b1fb48594a1c98e69f6732086a24e01b88f2d926378af1
  languageName: node
  linkType: hard
